<Solution>
  <Project Path="01Demo/01Demo.csproj" Id="e743b371-139f-4c5b-b05a-4c9fe6fce224" />
  <Project Path="02Demo/02Demo.csproj" Id="b72dbeec-ba99-4d5e-a821-e26dd9119209" />
  <Project Path="03Demo/03Demo.csproj" Id="8d038428-2f88-4f62-aaaa-cf490d2f0da0" />
  <Project Path="04Demo/04Demo.csproj" Id="8d74a7cd-bc3f-446a-a527-5902ec81cbe2" />
  <Project Path="05Demo/05Demo.csproj" Id="a4faab01-d22d-4f2a-a9bb-383654638295" />
  <Project Path="06Demo/06Demo.csproj" Id="b461f8ab-03a6-4cbe-a6c7-ad468ec1bc49" />
  <Project Path="07Demo/07Demo.csproj" Id="12dd860a-dbe8-4615-b7f8-baeea8b35872" />
  <Project Path="08Demo/08Demo.csproj" Id="834aaa5b-224b-4de0-bd79-43a6f7ba160a" />
  <Project Path="09Demo/09Demo.csproj" Id="4ba26529-f249-4cd3-a988-51a1ab7a3bfc" />
  <Project Path="10Demo/10Demo.csproj" Id="47d28bd6-574d-450a-8a9b-e3fd3a771d23" />
  <Project Path="11Demo/11Demo.csproj" Id="b132ae8b-3492-49f3-b152-8a6c336323ca" />
  <Project Path="12/12Demo.csproj" Id="74335221-6708-454b-90df-625993655510" />
  <Project Path="13Demo/13Demo.csproj" Id="7ac1adee-8d5e-471a-a285-50611a2c1f8c" />
  <Project Path="BinarySerializationDemo26/BinarySerializationDemo26.csproj" Id="52cfb039-87e7-441b-9b6f-06e9b8e9d0d7" />
  <Project Path="CMathLib/CMathLib.csproj" Id="678a468e-0515-45dd-85d0-60f8bed93a44" />
  <Project Path="Collections_Demo22/Collections_Demo22.csproj" Id="a9e630da-094c-414e-b6f8-9b73b05fe4ec" />
  <Project Path="CompanyLib/CompanyLib.csproj" Id="487ec850-9e79-48f2-8560-8d0644f68d00" />
  <Project Path="ConnectedDemo_36/ConnectedDemo_36.csproj" Id="5d638485-9d83-4797-81e6-2ed6b5f6a384" />
  <Project Path="CSharpFeaturesDemo/CSharpFeaturesDemo.csproj" Id="a18d7301-69d3-4f05-8c2c-88597786a97f" />
  <Project Path="DelegateMethod/DelegateMethod.csproj" Id="2bc45c1e-e762-4f51-af67-79cddb1ec27b" />
  <Project Path="delegatesDemo/delegatesDemo.csproj" Id="494737aa-f73a-48da-97cd-4ffbdcfa5231" />
  <Project Path="Demo14_Singlton/Demo14_Singlton.csproj" Id="f7b87fa7-a82e-492e-b487-19289c5b76e7" />
  <Project Path="Demo15_NotePad/Demo15_NotePad.csproj" Id="33943daa-99d7-4232-ba3c-3097eb3e2726" />
  <Project Path="Demo16_MyMath/Demo16_MyMath.csproj" Id="6a3ef493-d2c5-4a0a-b760-d7106b0f2a3b" />
  <Project Path="DemoLib/DemoLib.csproj" Id="c20066bf-a666-48f5-88dd-596e9b66a3a1" />
  <Project Path="DisconnectArch_Demo38th/DisconnectArch_Demo38th.csproj" Id="1ced0adf-ae59-4c81-9894-015fdeeb0895" />
  <Project Path="dotArch/dotArch.csproj" Id="ced49b1a-7ceb-4192-a22f-ddda13236b8e" />
  <Project Path="EmpLib/EmpLib.csproj" Id="515c54a7-bebb-47ff-8df1-6f95d53e9e44" />
  <Project Path="EmptyTemplateDemo/EmptyTemplateDemo.csproj" Id="d5d4b416-da81-4b77-863a-5d9bcdb60ecf" />
  <Project Path="EntityFrameWork/EntityFrameWork.csproj" Id="fed51171-28f6-4410-8f06-0ab26a9c240c" />
  <Project Path="EventsDelegate_Demo19/EventsDelegate_Demo19.csproj" Id="5298d592-a4bb-4ceb-bb9a-90e8232c19a2" />
  <Project Path="FileIODemo25/FileIODemo25.csproj" Id="0b0e10b7-fba5-4cfa-b7cf-5b95169e43c6" />
  <Project Path="GenericCollection_Demo24/GenericCollection_Demo24.csproj" Id="80492482-0947-41f4-bb66-13def39ff851" />
  <Project Path="GenericDemo23/GenericDemo23.csproj" Id="795fa9ca-5cbe-45e7-8804-199244f4e856" />
  <Project Path="GenericDemo25/GenericDemo25.csproj" Id="2e36ff4c-0203-4312-b4e5-ea93e74a89e8" />
  <Project Path="LINQ Real/LINQ Real.csproj" Id="0c2a9ae0-4263-48d0-8781-8add4995ce0d" />
  <Project Path="LINQ/LINQ.csproj" Id="f84bc892-982d-4c0a-8a80-5fcd2db14dd8" />
  <Project Path="LinqDemo/LinqDemo.csproj" Id="e549b5a3-e5f0-4a41-bb19-e73978f7bb38" />
  <Project Path="MultiDelegate_Demo/MultiDelegate_Demo.csproj" Id="68bb9805-f48f-49be-bcc7-2fb85a53e4a3" />
  <Project Path="MVCEmptyDemo/MVCEmptyDemo.csproj" Id="c7630664-2e08-4e0a-bf07-253bca415a6d" />
  <Project Path="MyAttributeLib/MyAttributeLib.csproj" Id="f47fff61-ad6e-4588-8df6-bbe943fae4e9" />
  <Project Path="MyMathLib/MyMathLib.csproj" Id="941b734d-1b97-4c90-a23f-28de141dc023" />
  <Project Path="MyORMDemo30/MyORMDemo30.csproj" Id="22a07c80-fb95-46ef-8982-be904791814b" />
  <Project Path="netflixsystem/netflixsystem.csproj" Id="262cf277-2175-45f9-97f6-74b62600b8cf" />
  <Project Path="ObserverPattern_Demo21/ObserverPattern_Demo21.csproj" Id="6ac37189-6e56-426e-be12-c3f360c2f129" />
  <Project Path="ReflectionDemo28/ReflectionDemo28.csproj" Id="aaa65bdd-474b-4586-91cf-cdc4d56e79ff" />
  <Project Path="SerializationDemo27/SerializationDemo27.csproj" Id="dbfd0173-88ae-4851-a41e-33995bec58aa" />
  <Project Path="StoreProcedure/StoreProcedure.csproj" Id="0d0f2ed3-709a-470d-94a1-bd380a2d4817" />
</Solution>
